
Microsoft Visual Studio Solution File, Format Version 12.00
# Visual Studio Version 17
VisualStudioVersion = 17.0.31903.59
MinimumVisualStudioVersion = 10.0.40219.1
Project("{2150E333-8FDC-42A3-9474-1A3956D46DE8}") = "src", "src", "{827E0CD3-B72D-47B6-A68D-7590B98EB39B}"
EndProject
Project("{FAE04EC0-301F-11D3-BF4B-00C04F79EFBC}") = "Incursa.ProtocolLab.Adapter.Contracts", "src\Incursa.ProtocolLab.Adapter.Contracts\Incursa.ProtocolLab.Adapter.Contracts.csproj", "{ABFD3B54-08E4-42AB-9FA9-B6B9FDBF6DA8}"
EndProject
Project("{FAE04EC0-301F-11D3-BF4B-00C04F79EFBC}") = "Incursa.ProtocolLab.Model", "src\Incursa.ProtocolLab.Model\Incursa.ProtocolLab.Model.csproj", "{30CC08CC-79F7-4FBF-8F80-41E16166BB81}"
EndProject
Project("{FAE04EC0-301F-11D3-BF4B-00C04F79EFBC}") = "Incursa.ProtocolLab.Cli", "src\Incursa.ProtocolLab.Cli\Incursa.ProtocolLab.Cli.csproj", "{BB58F3E1-A856-4E8F-A8AD-A6F4697E36E5}"
EndProject
Project("{2150E333-8FDC-42A3-9474-1A3956D46DE8}") = "tests", "tests", "{0AB3BF05-4346-4AA6-1389-037BE0695223}"
EndProject
Project("{FAE04EC0-301F-11D3-BF4B-00C04F79EFBC}") = "Incursa.ProtocolLab.Tests", "tests\Incursa.ProtocolLab.Tests\Incursa.ProtocolLab.Tests.csproj", "{CE743BD4-EED0-4684-B78D-AC37514EC4CE}"
EndProject
Project("{FAE04EC0-301F-11D3-BF4B-00C04F79EFBC}") = "Incursa.ProtocolLab.Runner", "src\Incursa.ProtocolLab.Runner\Incursa.ProtocolLab.Runner.csproj", "{495EE90B-3306-4C8A-814E-17B55D582735}"
EndProject
Project("{FAE04EC0-301F-11D3-BF4B-00C04F79EFBC}") = "Incursa.ProtocolLab.Adapter.Conformance", "src\Incursa.ProtocolLab.Adapter.Conformance\Incursa.ProtocolLab.Adapter.Conformance.csproj", "{B82CE588-52EA-4946-85C4-1C187777BE55}"
EndProject
Project("{2150E333-8FDC-42A3-9474-1A3956D46DE8}") = "tools", "tools", "{07C2787E-EAC7-C090-1BA3-A61EC2A24D84}"
EndProject
Project("{FAE04EC0-301F-11D3-BF4B-00C04F79EFBC}") = "ReferenceHttp1TestExecutor", "tools\test-executors\reference-http1\src\ReferenceHttp1TestExecutor.csproj", "{2BFE91F9-5688-4B98-8EAB-856B0058AD93}"
EndProject
Global
	GlobalSection(SolutionConfigurationPlatforms) = preSolution
		Debug|Any CPU = Debug|Any CPU
		Debug|x64 = Debug|x64
		Debug|x86 = Debug|x86
		Release|Any CPU = Release|Any CPU
		Release|x64 = Release|x64
		Release|x86 = Release|x86
	EndGlobalSection
	GlobalSection(ProjectConfigurationPlatforms) = postSolution
		{ABFD3B54-08E4-42AB-9FA9-B6B9FDBF6DA8}.Debug|Any CPU.ActiveCfg = Debug|Any CPU
		{ABFD3B54-08E4-42AB-9FA9-B6B9FDBF6DA8}.Debug|Any CPU.Build.0 = Debug|Any CPU
		{ABFD3B54-08E4-42AB-9FA9-B6B9FDBF6DA8}.Debug|x64.ActiveCfg = Debug|Any CPU
		{ABFD3B54-08E4-42AB-9FA9-B6B9FDBF6DA8}.Debug|x64.Build.0 = Debug|Any CPU
		{ABFD3B54-08E4-42AB-9FA9-B6B9FDBF6DA8}.Debug|x86.ActiveCfg = Debug|Any CPU
		{ABFD3B54-08E4-42AB-9FA9-B6B9FDBF6DA8}.Debug|x86.Build.0 = Debug|Any CPU
		{ABFD3B54-08E4-42AB-9FA9-B6B9FDBF6DA8}.Release|Any CPU.ActiveCfg = Release|Any CPU
		{ABFD3B54-08E4-42AB-9FA9-B6B9FDBF6DA8}.Release|Any CPU.Build.0 = Release|Any CPU
		{ABFD3B54-08E4-42AB-9FA9-B6B9FDBF6DA8}.Release|x64.ActiveCfg = Release|Any CPU
		{ABFD3B54-08E4-42AB-9FA9-B6B9FDBF6DA8}.Release|x64.Build.0 = Release|Any CPU
		{ABFD3B54-08E4-42AB-9FA9-B6B9FDBF6DA8}.Release|x86.ActiveCfg = Release|Any CPU
		{ABFD3B54-08E4-42AB-9FA9-B6B9FDBF6DA8}.Release|x86.Build.0 = Release|Any CPU
		{30CC08CC-79F7-4FBF-8F80-41E16166BB81}.Debug|Any CPU.ActiveCfg = Debug|Any CPU
		{30CC08CC-79F7-4FBF-8F80-41E16166BB81}.Debug|Any CPU.Build.0 = Debug|Any CPU
		{30CC08CC-79F7-4FBF-8F80-41E16166BB81}.Debug|x64.ActiveCfg = Debug|Any CPU
		{30CC08CC-79F7-4FBF-8F80-41E16166BB81}.Debug|x64.Build.0 = Debug|Any CPU
		{30CC08CC-79F7-4FBF-8F80-41E16166BB81}.Debug|x86.ActiveCfg = Debug|Any CPU
		{30CC08CC-79F7-4FBF-8F80-41E16166BB81}.Debug|x86.Build.0 = Debug|Any CPU
		{30CC08CC-79F7-4FBF-8F80-41E16166BB81}.Release|Any CPU.ActiveCfg = Release|Any CPU
		{30CC08CC-79F7-4FBF-8F80-41E16166BB81}.Release|Any CPU.Build.0 = Release|Any CPU
		{30CC08CC-79F7-4FBF-8F80-41E16166BB81}.Release|x64.ActiveCfg = Release|Any CPU
		{30CC08CC-79F7-4FBF-8F80-41E16166BB81}.Release|x64.Build.0 = Release|Any CPU
		{30CC08CC-79F7-4FBF-8F80-41E16166BB81}.Release|x86.ActiveCfg = Release|Any CPU
		{30CC08CC-79F7-4FBF-8F80-41E16166BB81}.Release|x86.Build.0 = Release|Any CPU
		{BB58F3E1-A856-4E8F-A8AD-A6F4697E36E5}.Debug|Any CPU.ActiveCfg = Debug|Any CPU
		{BB58F3E1-A856-4E8F-A8AD-A6F4697E36E5}.Debug|Any CPU.Build.0 = Debug|Any CPU
		{BB58F3E1-A856-4E8F-A8AD-A6F4697E36E5}.Debug|x64.ActiveCfg = Debug|Any CPU
		{BB58F3E1-A856-4E8F-A8AD-A6F4697E36E5}.Debug|x64.Build.0 = Debug|Any CPU
		{BB58F3E1-A856-4E8F-A8AD-A6F4697E36E5}.Debug|x86.ActiveCfg = Debug|Any CPU
		{BB58F3E1-A856-4E8F-A8AD-A6F4697E36E5}.Debug|x86.Build.0 = Debug|Any CPU
		{BB58F3E1-A856-4E8F-A8AD-A6F4697E36E5}.Release|Any CPU.ActiveCfg = Release|Any CPU
		{BB58F3E1-A856-4E8F-A8AD-A6F4697E36E5}.Release|Any CPU.Build.0 = Release|Any CPU
		{BB58F3E1-A856-4E8F-A8AD-A6F4697E36E5}.Release|x64.ActiveCfg = Release|Any CPU
		{BB58F3E1-A856-4E8F-A8AD-A6F4697E36E5}.Release|x64.Build.0 = Release|Any CPU
		{BB58F3E1-A856-4E8F-A8AD-A6F4697E36E5}.Release|x86.ActiveCfg = Release|Any CPU
		{BB58F3E1-A856-4E8F-A8AD-A6F4697E36E5}.Release|x86.Build.0 = Release|Any CPU
		{CE743BD4-EED0-4684-B78D-AC37514EC4CE}.Debug|Any CPU.ActiveCfg = Debug|Any CPU
		{CE743BD4-EED0-4684-B78D-AC37514EC4CE}.Debug|Any CPU.Build.0 = Debug|Any CPU
		{CE743BD4-EED0-4684-B78D-AC37514EC4CE}.Debug|x64.ActiveCfg = Debug|Any CPU
		{CE743BD4-EED0-4684-B78D-AC37514EC4CE}.Debug|x64.Build.0 = Debug|Any CPU
		{CE743BD4-EED0-4684-B78D-AC37514EC4CE}.Debug|x86.ActiveCfg = Debug|Any CPU
		{CE743BD4-EED0-4684-B78D-AC37514EC4CE}.Debug|x86.Build.0 = Debug|Any CPU
		{CE743BD4-EED0-4684-B78D-AC37514EC4CE}.Release|Any CPU.ActiveCfg = Release|Any CPU
		{CE743BD4-EED0-4684-B78D-AC37514EC4CE}.Release|Any CPU.Build.0 = Release|Any CPU
		{CE743BD4-EED0-4684-B78D-AC37514EC4CE}.Release|x64.ActiveCfg = Release|Any CPU
		{CE743BD4-EED0-4684-B78D-AC37514EC4CE}.Release|x64.Build.0 = Release|Any CPU
		{CE743BD4-EED0-4684-B78D-AC37514EC4CE}.Release|x86.ActiveCfg = Release|Any CPU
		{CE743BD4-EED0-4684-B78D-AC37514EC4CE}.Release|x86.Build.0 = Release|Any CPU
		{495EE90B-3306-4C8A-814E-17B55D582735}.Debug|Any CPU.ActiveCfg = Debug|Any CPU
		{495EE90B-3306-4C8A-814E-17B55D582735}.Debug|Any CPU.Build.0 = Debug|Any CPU
		{495EE90B-3306-4C8A-814E-17B55D582735}.Debug|x64.ActiveCfg = Debug|Any CPU
		{495EE90B-3306-4C8A-814E-17B55D582735}.Debug|x64.Build.0 = Debug|Any CPU
		{495EE90B-3306-4C8A-814E-17B55D582735}.Debug|x86.ActiveCfg = Debug|Any CPU
		{495EE90B-3306-4C8A-814E-17B55D582735}.Debug|x86.Build.0 = Debug|Any CPU
		{495EE90B-3306-4C8A-814E-17B55D582735}.Release|Any CPU.ActiveCfg = Release|Any CPU
		{495EE90B-3306-4C8A-814E-17B55D582735}.Release|Any CPU.Build.0 = Release|Any CPU
		{495EE90B-3306-4C8A-814E-17B55D582735}.Release|x64.ActiveCfg = Release|Any CPU
		{495EE90B-3306-4C8A-814E-17B55D582735}.Release|x64.Build.0 = Release|Any CPU
		{495EE90B-3306-4C8A-814E-17B55D582735}.Release|x86.ActiveCfg = Release|Any CPU
		{495EE90B-3306-4C8A-814E-17B55D582735}.Release|x86.Build.0 = Release|Any CPU
		{B82CE588-52EA-4946-85C4-1C187777BE55}.Debug|Any CPU.ActiveCfg = Debug|Any CPU
		{B82CE588-52EA-4946-85C4-1C187777BE55}.Debug|Any CPU.Build.0 = Debug|Any CPU
		{B82CE588-52EA-4946-85C4-1C187777BE55}.Debug|x64.ActiveCfg = Debug|Any CPU
		{B82CE588-52EA-4946-85C4-1C187777BE55}.Debug|x64.Build.0 = Debug|Any CPU
		{B82CE588-52EA-4946-85C4-1C187777BE55}.Debug|x86.ActiveCfg = Debug|Any CPU
		{B82CE588-52EA-4946-85C4-1C187777BE55}.Debug|x86.Build.0 = Debug|Any CPU
		{B82CE588-52EA-4946-85C4-1C187777BE55}.Release|Any CPU.ActiveCfg = Release|Any CPU
		{B82CE588-52EA-4946-85C4-1C187777BE55}.Release|Any CPU.Build.0 = Release|Any CPU
		{B82CE588-52EA-4946-85C4-1C187777BE55}.Release|x64.ActiveCfg = Release|Any CPU
		{B82CE588-52EA-4946-85C4-1C187777BE55}.Release|x64.Build.0 = Release|Any CPU
		{B82CE588-52EA-4946-85C4-1C187777BE55}.Release|x86.ActiveCfg = Release|Any CPU
		{B82CE588-52EA-4946-85C4-1C187777BE55}.Release|x86.Build.0 = Release|Any CPU
		{2BFE91F9-5688-4B98-8EAB-856B0058AD93}.Debug|Any CPU.ActiveCfg = Debug|Any CPU
		{2BFE91F9-5688-4B98-8EAB-856B0058AD93}.Debug|Any CPU.Build.0 = Debug|Any CPU
		{2BFE91F9-5688-4B98-8EAB-856B0058AD93}.Debug|x64.ActiveCfg = Debug|Any CPU
		{2BFE91F9-5688-4B98-8EAB-856B0058AD93}.Debug|x64.Build.0 = Debug|Any CPU
		{2BFE91F9-5688-4B98-8EAB-856B0058AD93}.Debug|x86.ActiveCfg = Debug|Any CPU
		{2BFE91F9-5688-4B98-8EAB-856B0058AD93}.Debug|x86.Build.0 = Debug|Any CPU
		{2BFE91F9-5688-4B98-8EAB-856B0058AD93}.Release|Any CPU.ActiveCfg = Release|Any CPU
		{2BFE91F9-5688-4B98-8EAB-856B0058AD93}.Release|Any CPU.Build.0 = Release|Any CPU
		{2BFE91F9-5688-4B98-8EAB-856B0058AD93}.Release|x64.ActiveCfg = Release|Any CPU
		{2BFE91F9-5688-4B98-8EAB-856B0058AD93}.Release|x64.Build.0 = Release|Any CPU
		{2BFE91F9-5688-4B98-8EAB-856B0058AD93}.Release|x86.ActiveCfg = Release|Any CPU
		{2BFE91F9-5688-4B98-8EAB-856B0058AD93}.Release|x86.Build.0 = Release|Any CPU
	EndGlobalSection
	GlobalSection(SolutionProperties) = preSolution
		HideSolutionNode = FALSE
	EndGlobalSection
	GlobalSection(NestedProjects) = preSolution
		{ABFD3B54-08E4-42AB-9FA9-B6B9FDBF6DA8} = {827E0CD3-B72D-47B6-A68D-7590B98EB39B}
		{30CC08CC-79F7-4FBF-8F80-41E16166BB81} = {827E0CD3-B72D-47B6-A68D-7590B98EB39B}
		{BB58F3E1-A856-4E8F-A8AD-A6F4697E36E5} = {827E0CD3-B72D-47B6-A68D-7590B98EB39B}
		{CE743BD4-EED0-4684-B78D-AC37514EC4CE} = {0AB3BF05-4346-4AA6-1389-037BE0695223}
		{495EE90B-3306-4C8A-814E-17B55D582735} = {827E0CD3-B72D-47B6-A68D-7590B98EB39B}
		{B82CE588-52EA-4946-85C4-1C187777BE55} = {827E0CD3-B72D-47B6-A68D-7590B98EB39B}
		{2BFE91F9-5688-4B98-8EAB-856B0058AD93} = {07C2787E-EAC7-C090-1BA3-A61EC2A24D84}
	EndGlobalSection
EndGlobal
